cloud.google.com/go v0.0.0-20160916222349-837ecd5c3c75 h1:NQhD28/DKQV7j26w73JDzwnUa1OokAC6YS6dJdInvxY=
cloud.google.com/go v0.0.0-20160916222349-837ecd5c3c75/go.mod h1:aQUYkXzVsufM+DwF1aE+0xfcU+56JwCaLick0ClmMTw=
github.com/DisposaBoy/JsonConfigReader v0.0.0-20130112093355-33a99fdf1d5e h1:rv5qJCfIzQhhefHp8MO98hoGRI3mdps2iiGA3o4nm8A=
github.com/DisposaBoy/JsonConfigReader v0.0.0-20130112093355-33a99fdf1d5e/go.mod h1:GCzqZQHydohgVLSIqRKZeTt8IGb1Y4NaFfim3H40uUI=
github.com/JamesClonk/vultr v0.0.0-20170808195439-2fd0705ce648 h1:6hca2MUK8vePUqCYR6AYEdPp5DN4lyoJCMDOothtrds=
github.com/JamesClonk/vultr v0.0.0-20170808195439-2fd0705ce648/go.mod h1:k9Jhe7M4bxsOOTMtsXQ0Hj7R7vw0FW4Q4jVJrPis9a8=
github.com/TomOnTime/utfutil v0.0.0-20171103000435-1916859f26bb h1:ARjn57qBsQmwDK+269SDxHmvwGt0KZefT3GGLcTE3YQ=
github.com/TomOnTime/utfutil v0.0.0-20171103000435-1916859f26bb/go.mod h1:WML6KOYjeU8N6YyusMjj2qRvaPNUEvrQvaxuFcMRFJY=
github.com/armon/go-radix v0.0.0-20180808171621-7fddfc383310/go.mod h1:ufUuZ+zHj4x4TnLV4JWEpy2hxWSpsRywHrMgIH9cCH8=
github.com/aws/aws-sdk-go v0.0.0-20171109001453-50411bcf38b6 h1:sqEZQBe/oxHELWGD+s7aa2xXxRmRgBZXcW86wgQ+TjU=
github.com/aws/aws-sdk-go v0.0.0-20171109001453-50411bcf38b6/go.mod h1:ZRmQr0FajVIyZ4ZzBYKG5P3ZqPz9IHG41ZoMu1ADI3k=
github.com/bgentry/speakeasy v0.1.0/go.mod h1:+zsyZBPWlz7T6j88CTgSN5bM796AkVf0kBD4zp0CCIs=
github.com/billputer/go-namecheap v0.0.0-20170915210158-0c7adb0710f8 h1:sIv3xbwhhAG94a62Q/rrSBtrWcXiYgldNOeqifyKSgo=
github.com/billputer/go-namecheap v0.0.0-20170915210158-0c7adb0710f8/go.mod h1:bqqNsI2akL+lLWyApkYY0cxquWPKwEBU0Wd3chi3TEg=
github.com/davecgh/go-spew v1.1.1/go.mod h1:J7Y8YcW2NihsgmVo/mv3lAwl/skON4iLHjSsI+c5H38=
github.com/digitalocean/godo v0.0.0-20170706200301-34840385860d h1:eHbjszRsTq4t0WTZljee/N5n1FW24l58FpVUlgD9Vfk=
github.com/digitalocean/godo v0.0.0-20170706200301-34840385860d/go.mod h1:h6faOIcZ8lWIwNQ+DN7b3CgX4Kwby5T+nbpNqkUIozU=
github.com/dnsimple/dnsimple-go v0.0.0-20181001130357-234ec949d37c h1:diBJkyDhzRTLgHdhbuE5gHHFJggnWNaXQKloNeg5DUA=
github.com/dnsimple/dnsimple-go v0.0.0-20181001130357-234ec949d37c/go.mod h1:0FYu4qVNv/UcfZPNwa9zi68IkggJu3TIwM54D7rhmI4=
github.com/exoscale/egoscale v0.10.5 h1:pV1gDCsXPi9vfbZ1TIMz7mNGEDMiVHlQlbcJp1qxIaU=
github.com/exoscale/egoscale v0.10.5/go.mod h1:Ee3U4ZjSDpbbEc9VkQ/jttUU8USE8Nv7L3YzVi03Y1U=
github.com/fatih/color v1.7.0/go.mod h1:Zm6kSWBoL9eyXnKyktHP6abPY2pDugNf5KwzbycvMj4=
github.com/go-ini/ini v0.0.0-20180214101753-32e4be5f41bb h1:WsQm7fr1CO+d8ImA2Uy2psWSn893x02vOF1sH3fgQIk=
github.com/go-ini/ini v0.0.0-20180214101753-32e4be5f41bb/go.mod h1:ByCAeIL28uOIIG0E3PJtZPDL8WnHpFKFOtgjp+3Ies8=
github.com/gobwas/glob v0.0.0-20181002190808-e7a84e9525fe h1:8P+/htb3mwwpeGdJg69yBF/RofK7c6Fjz5Ypa/bTqbY=
github.com/gobwas/glob v0.0.0-20181002190808-e7a84e9525fe/go.mod h1:d3Ez4x06l9bZtSvzIay5+Yzi0fmZzPgnTbPcKjJAkT8=
github.com/golang/protobuf v0.0.0-20170914231319-11b8df160996/go.mod h1:6lQm79b+lXiMfvg/cZm0SGofjICqVBUtrP5yJMmIC1U=
github.com/golang/snappy v0.0.1 h1:Qgr9rKW7uDUkrbSmQeiDsGa8SjGyCOGtuasMWwvp2P4=
github.com/golang/snappy v0.0.1/go.mod h1:/XxbfmMg8lxefKM7IXC3fBNl/7bRcc72aCRzEWrmP2Q=
github.com/google/go-github v0.0.0-20170918062612-eee178af22a1/go.mod h1:zLgOLi98H3fifZn+44m+umXrS52loVEgC2AApnigrVQ=
github.com/google/go-querystring v0.0.0-20170111101155-53e6ce116135 h1:zLTLjkaOFEFIOxY5BWLFLwh+cL8vOBW4XJ2aqLE/Tf0=
github.com/google/go-querystring v0.0.0-20170111101155-53e6ce116135/go.mod h1:odCYkC5MyYFN7vkCjXpyrEuKhc/BUO6wN/zVPAxq5ck=
github.com/google/uuid v0.0.0-20171129191014-dec09d789f3d h1:rXQlD9GXkjA/PQZhmEaF/8Pj/sJfdZJK7GJG0gkS8I0=
github.com/google/uuid v0.0.0-20171129191014-dec09d789f3d/go.mod h1:TIyPZe4MgqvfeYDBFedMoGGpEw/LqOeaOT+nhxU+yHo=
github.com/hashicorp/errwrap v1.0.0 h1:hLrqtEDnRye3+sgx6z4qVLNuviH3MR5aQ0ykNJa/UYA=
github.com/hashicorp/errwrap v1.0.0/go.mod h1:YH+1FKiLXxHSkmPseP+kNlulaMuP3n2brvKWEqk/Jc4=
github.com/hashicorp/go-cleanhttp v0.5.0/go.mod h1:JpRdi6/HCYpAwUzNwuwqhbovhLtngrth3wmdIIUrZ80=
github.com/hashicorp/go-cleanhttp v0.5.1 h1:dH3aiDG9Jvb5r5+bYHsikaOUIpcM0xvgMXVoDkXMzJM=
github.com/hashicorp/go-cleanhttp v0.5.1/go.mod h1:JpRdi6/HCYpAwUzNwuwqhbovhLtngrth3wmdIIUrZ80=
github.com/hashicorp/go-multierror v1.0.0 h1:iVjPR7a6H0tWELX5NxNe7bYopibicUzc7uPribsnS6o=
github.com/hashicorp/go-multierror v1.0.0/go.mod h1:dHtQlpGsu+cZNNAkkCN/P3hoUDHhCYQXV3UM06sGGrk=
github.com/hashicorp/go-retryablehttp v0.5.4 h1:1BZvpawXoJCWX6pNtow9+rpEj+3itIlutiqnntI6jOE=
github.com/hashicorp/go-retryablehttp v0.5.4/go.mod h1:9B5zBasrRhHXnJnui7y6sL7es7NDiJgTc6Er0maI1Xs=
github.com/hashicorp/go-rootcerts v1.0.1 h1:DMo4fmknnz0E0evoNYnV48RjWndOsmd6OW+09R3cEP8=
github.com/hashicorp/go-rootcerts v1.0.1/go.mod h1:pqUvnprVnM5bf7AOirdbb01K4ccR319Vf4pU3K5EGc8=
github.com/hashicorp/go-sockaddr v1.0.2 h1:ztczhD1jLxIRjVejw8gFomI1BQZOe2WoVOu0SyteCQc=
github.com/hashicorp/go-sockaddr v1.0.2/go.mod h1:rB4wwRAUzs07qva3c5SdrY/NEtAUjGlgmH/UkBUC97A=
github.com/hashicorp/hcl v1.0.0 h1:0Anlzjpi4vEasTeNFn2mLJgTSwt0+6sfsiTG8qcWGx4=
github.com/hashicorp/hcl v1.0.0/go.mod h1:E5yfLk+7swimpb2L/Alb/PJmXilQ/rhwaUYs4T20WEQ=
github.com/hashicorp/vault v0.0.0-20180521132124-c368238fe0eb h1:ega4v0gxkCJtdatQ/WkTN0I+Bxgtp0GYJ1fRbdncnD4=
github.com/hashicorp/vault v0.0.0-20180521132124-c368238fe0eb/go.mod h1:KfSyffbKxoVyspOdlaGVjIuwLobi07qD1bAbosPMpP0=
github.com/hexonet/go-sdk v1.2.1 h1:UpoeqZQt2y2pypiQOW/+uBUk6DfyEnOzwJaW2LIerVQ=
github.com/hexonet/go-sdk v1.2.1/go.mod h1:B0oC4YZT3P2o0DHTm5SH0WCItW3N+r16nCTOykJZF1c=
github.com/jmespath/go-jmespath v0.0.0-20180206201540-c2b33e8439af h1:pmfjZENx5imkbgOkpRUYLnmbU7UEFbjtDA2hxJ1ichM=
github.com/jmespath/go-jmespath v0.0.0-20180206201540-c2b33e8439af/go.mod h1:Nht3zPeWKUH0NzdCt2Blrr5ys8VGpn0CEB0cQHVjt7k=
github.com/juju/ratelimit v0.0.0-20170523012141-5b9ff8664717 h1:gfrLWZBU8a+vr2wQZWR9ctEm3syl1A7QIN9O2p7lZ/4=
github.com/juju/ratelimit v0.0.0-20170523012141-5b9ff8664717/go.mod h1:qapgC/Gy+xNh9UxzV13HGGl/6UXNN+ct+vwSgWNm/qk=
github.com/kolo/xmlrpc v0.0.0-20150413191830-0826b98aaa29 h1:A9Cxbd2chMbJwYR6WpWelyovi0v8Pv4xTUc64pO1gxE=
github.com/kolo/xmlrpc v0.0.0-20150413191830-0826b98aaa29/go.mod h1:o03bZfuBwAXHetKXuInt4S7omeXUu62/A845kiycsSQ=
github.com/mattn/go-colorable v0.0.9/go.mod h1:9vuHe8Xs5qXnSaW/c/ABM9alt+Vo+STaOChaDxuIBZU=
github.com/mattn/go-isatty v0.0.3/go.mod h1:M+lRXTBqGeGNdLjl/ufCoiOlB5xdOkqRJdNxMWT7Zi4=
github.com/miekg/dns v0.0.0-20171110103317-9fc4eb252eed h1:cZJCMUYmf3bTjlwCokkXcXww5ij/A9v2SwtBGkGhf1Y=
github.com/miekg/dns v0.0.0-20171110103317-9fc4eb252eed/go.mod h1:W1PPwlIAgtquWBMBEV9nkV9Cazfe8ScdGz/Lj7v3Nrg=
github.com/miekg/dns v1.0.15 h1:9+UupePBQCG6zf1q/bGmTO1vumoG13jsrbWOSX1W6Tw=
github.com/miekg/dns v1.0.15/go.mod h1:W1PPwlIAgtquWBMBEV9nkV9Cazfe8ScdGz/Lj7v3Nrg=
github.com/miekg/dns v1.1.14 h1:wkQWn9wIp4mZbwW8XV6Km6owkvRPbOiV004ZM2CkGvA=
github.com/miekg/dns v1.1.14/go.mod h1:W1PPwlIAgtquWBMBEV9nkV9Cazfe8ScdGz/Lj7v3Nrg=
github.com/mitchellh/cli v1.0.0/go.mod h1:hNIlj7HEI86fIcpObd7a0FcrxTWetlwJDGcceTlRvqc=
github.com/mitchellh/go-homedir v1.1.0/go.mod h1:SfyaCUpYCn1Vlf4IUYiD9fPX4A5wJrkLzIz1N1q0pr0=
github.com/mitchellh/go-wordwrap v1.0.0/go.mod h1:ZXFpozHsX6DPmq2I0TCekCxypsnAUbP2oI0UX1GXzOo=
github.com/mitchellh/mapstructure v1.1.2 h1:fmNYVwqnSfB9mZU6OS2O6GsXM+wcskZDuKQzvN1EDeE=
github.com/mitchellh/mapstructure v1.1.2/go.mod h1:FVVH3fgwuzCH5S8UJGiWEs2h04kUh9fWfEaFds41c1Y=
github.com/mjibson/esc v0.1.0/go.mod h1:9Hw9gxxfHulMF5OJKCyhYD7PzlSdhzXyaGEBRPH1OPs=
github.com/namedotcom/go v0.0.0-20180403034216-08470befbe04 h1:o6uBwrhM5C8Ll3MAAxrQxRHEu7FkapwTuI2WmL1rw4g=
github.com/namedotcom/go v0.0.0-20180403034216-08470befbe04/go.mod h1:5sN+Lt1CaY4wsPvgQH/jsuJi4XO2ssZbdsIizr4CVC8=
github.com/ovh/go-ovh v0.0.0-20181109152953-ba5adb4cf014 h1:37VE5TYj2m/FLA9SNr4z0+A0JefvTmR60Zwf8XSEV7c=
github.com/ovh/go-ovh v0.0.0-20181109152953-ba5adb4cf014/go.mod h1:joRatxRJaZBsY3JAOEMcoOp05CnZzsx4scTxi95DHyQ=
github.com/philhug/opensrs-go v0.0.0-20171126225031-9dfa7433020d h1:nf4+lHs8TQeIGFYZMcNg4iQOnZndLfYxnQaKEdqHVA4=
github.com/philhug/opensrs-go v0.0.0-20171126225031-9dfa7433020d/go.mod h1:VDIGNBy0tHXMDAu4gxHFQJDq3NuwqUxw2Kok7wi+6ck=
github.com/pkg/errors v0.0.0-20170316201538-ff09b135c25a h1:wJ8mL5Lj13kTUhKlQitC4+gqMyiuy+2anApUMuvfLq0=
github.com/pkg/errors v0.0.0-20170316201538-ff09b135c25a/go.mod h1:bwawxfHBFNV+L2hUp1rHADufV3IMtnDRdf1r5NINEl0=
github.com/posener/complete v1.1.1/go.mod h1:em0nMJCgc9GFtwrmVmEMR/ZL6WyhyjMBndrE9hABlRI=
github.com/prasmussen/gandi-api v0.0.0-20180224132202-58d3d4205661 h1:Frjzb2MZatv22HHLQ6BVv2rFBnYxITOk/tePom2DY0o=
github.com/prasmussen/gandi-api v0.0.0-20180224132202-58d3d4205661/go.mod h1:zZBfqqLFWgViJUcsGfFksd9RK9pDUVPkYDiWE/uIHy4=
github.com/renier/xmlrpc v0.0.0-20170708154548-ce4a1a486c03 h1:Wdi9nwnhFNAlseAOekn6B5G/+GMtks9UKbvRU/CMM/o=
github.com/renier/xmlrpc v0.0.0-20170708154548-ce4a1a486c03/go.mod h1:gRAiPF5C5Nd0eyyRdqIu9qTiFSoZzpTq727b5B8fkkU=
github.com/robertkrimen/otto v0.0.0-20170818085146-a813c59b1b44 h1:c//St76Yk3IXEWOJ6zctvY61sC7PVjwCjy4ySHQd2JY=
github.com/robertkrimen/otto v0.0.0-20170818085146-a813c59b1b44/go.mod h1:xvqspoSXJTIpemEonrMDFq6XzwHYYgToXWj5eRX1OtY=
github.com/ryanuber/columnize v2.1.0+incompatible/go.mod h1:sm1tb6uqfes/u+d4ooFouqFdy9/2g9QGwK3SQygK0Ts=
github.com/ryanuber/go-glob v1.0.0 h1:iQh3xXAumdQ+4Ufa5b25cRpC5TYKlno6hsv6Cb3pkBk=
github.com/ryanuber/go-glob v1.0.0/go.mod h1:807d1WSdnB0XRJzKNil9Om6lcp/3a0v4qIHxIXzX/Yc=
github.com/softlayer/softlayer-go v0.0.0-20170804160555-5e1c8cccc730 h1:NFtcXPhyIM81jGPrxh5OvdRM1esrM2lIYlO0SFm3KOg=
github.com/softlayer/softlayer-go v0.0.0-20170804160555-5e1c8cccc730/go.mod h1:Cw4GTlQccdRGSEf6KiMju767x0NEHE0YIVPJSaXjlsw=
github.com/tdewolff/buffer v1.1.0/go.mod h1:2aVmbfts5BiODsIH0lFp+FX5BiqjSS7P7+cKqieIAb0=
github.com/tdewolff/minify v0.0.0-20170910185944-d515420d53ba/go.mod h1:9Ov578KJUmAWpS6NeZwRZyT56Uf6o3Mcz9CEsg8USYs=
github.com/tdewolff/parse v2.2.0+incompatible/go.mod h1:8oBwCsVmUkgHO8M5iCzSIDtpzXOT0WXX9cWhz+bIzJQ=
github.com/tdewolff/strconv v1.0.0/go.mod h1:GsDKvhaPwpcoLZ2SVdfZ0oLc4+X5OT6fabULs+cQGec=
github.com/tent/http-link-go v0.0.0-20130702225549-ac974c61c2f9 h1:/Bsw4C+DEdqPjt8vAqaC9LAqpAQnaCQQqmolqq3S1T4=
github.com/tent/http-link-go v0.0.0-20130702225549-ac974c61c2f9/go.mod h1:RHkNRtSLfOK7qBTHaeSX1D6BNpI3qw7NTxsmNr4RvN8=
github.com/urfave/cli v0.0.0-20180106191048-75104e932ac2 h1:RvdHUkrNnPR8MnO2WmMReadeL6+G0kGuS8kYI39uvdw=
github.com/urfave/cli v0.0.0-20180106191048-75104e932ac2/go.mod h1:70zkFmudgCuE/ngEzBv17Jvp/497gISqfk5gWijbERA=
github.com/xenolf/lego v0.0.0-20180910075243-035c27cdb70e h1:MrLSGPthagy5TzRiPzffH4K9R321rjjSVD9UA5/+tnw=
github.com/xenolf/lego v0.0.0-20180910075243-035c27cdb70e/go.mod h1:fwiGnfsIjG7OHPfOvgK7Y/Qo6+2Ox0iozjNTkZICKbY=
github.com/xlucas/go-ovh v0.0.0-20151221160354-ef0d1f19f39c/go.mod h1:UO+Bne2pjsSK6eNK3LLdPvIZWjjFDuTI0pz2gIxKySk=
golang.org/x/crypto v0.0.0-20180313195238-c4a91bd4f524 h1:26YqzkAAerAzIuHphFhhu42CUlZGEZMaXyoez4gmQ7E=
golang.org/x/crypto v0.0.0-20180313195238-c4a91bd4f524/go.mod h1:6SG95UA2DQfeDnfUPMdvaQW0Q7yPrPDi9nlGo2tz2b4=
golang.org/x/crypto v0.0.0-20190308221718-c2843e01d9a2/go.mod h1:djNgcEr1/C05ACkg1iLfiJU5Ep61QUkGW8qpdssI0+w=
golang.org/x/crypto v0.0.0-20190618222545-ea8f1a30c443 h1:IcSOAf4PyMp3U3XbIEj1/xJ2BjNN2jWv7JoyOsMxXUU=
golang.org/x/crypto v0.0.0-20190618222545-ea8f1a30c443/go.mod h1:yigFU9vqHzYiE8UmvKecakEJjdnWj3jj499lnFckfCI=
golang.org/x/net v0.0.0-20170114055629-f2499483f923 h1:cLl2p2++IYXqH4YzQ7uIc7QLOa4SU0x1vSy9Da++V94=
golang.org/x/net v0.0.0-20170114055629-f2499483f923/go.mod h1:mL1N/T3taQHkDXs73rZJwtUhF3w3ftmwwsq0BUmARs4=
golang.org/x/net v0.0.0-20190404232315-eb5bcb51f2a3 h1:0GoQqolDA55aaLxZyTzK/Y2ePZzZTUrRacwib7cNsYQ=
golang.org/x/net v0.0.0-20190404232315-eb5bcb51f2a3/go.mod h1:t9HGtf8HONx5eT2rtn7q6eTqICYqUVnKs3thJo3Qplg=
golang.org/x/oauth2 v0.0.0-20170912212905-13449ad91cb2 h1:NMHa8RdjXuWXQSB0fW0PAKkX9lHZCRu5FsmPI/IZuS4=
golang.org/x/oauth2 v0.0.0-20170912212905-13449ad91cb2/go.mod h1:N/0e6XlmueqKjAGxoOufVs8QHGRruUQn6yWY3a++T0U=
golang.org/x/sys v0.0.0-20180823144017-11551d06cbcc h1:MeuS1UDyZyFH++6vVy44PuufTeFF0d0nfI6XB87YGSk=
golang.org/x/sys v0.0.0-20180823144017-11551d06cbcc/go.mod h1:STP8DvDyc/dI5b8T5hshtkjS+E42TnysNCUPdjciGhY=
golang.org/x/sys v0.0.0-20190215142949-d0b11bdaac8a/go.mod h1:STP8DvDyc/dI5b8T5hshtkjS+E42TnysNCUPdjciGhY=
golang.org/x/sys v0.0.0-20190412213103-97732733099d/go.mod h1:h1NjWce9XRLGQEsW7wpKNCjG9DtNlClVuFLEZdDNbEs=
golang.org/x/sys v0.0.0-20190619183051-17bc6164aac4 h1:FFQWNXvutleFrNfNdz+TAJiRUdRxjFpjBtDMQ2y3psA=
golang.org/x/sys v0.0.0-20190619183051-17bc6164aac4/go.mod h1:h1NjWce9XRLGQEsW7wpKNCjG9DtNlClVuFLEZdDNbEs=
golang.org/x/text v0.0.0-20170117123646-11dbc599981c h1:Rj9PFQoguQfms0jOhkwNVuwmoHv/4pZzugFcOvnbzxM=
golang.org/x/text v0.0.0-20170117123646-11dbc599981c/go.mod h1:NqM8EUOU14njkJ3fqMW+pc6Ldnwhi/IjpwHt7yyuwOQ=
golang.org/x/text v0.3.0 h1:g61tztE5qeGQ89tm6NTjjM9VPIm088od1l6aSorWRWg=
golang.org/x/text v0.3.0/go.mod h1:NqM8EUOU14njkJ3fqMW+pc6Ldnwhi/IjpwHt7yyuwOQ=
golang.org/x/time v0.0.0-20190308202827-9d24e82272b4 h1:SvFZT6jyqRaOeXpc5h/JSfZenJ2O330aBsf7JfSUXmQ=
golang.org/x/time v0.0.0-20190308202827-9d24e82272b4/go.mod h1:tRJNPiyCQ0inRvYxbN9jk5I+vvW/OXSQhTDSoE431IQ=
google.golang.org/api v0.0.0-20170917000347-9133bb5dadbe h1:meMw5/Ri9QKpIM9FMoikh3IgZaiSUon4lRoXCKmoIgI=
google.golang.org/api v0.0.0-20170917000347-9133bb5dadbe/go.mod h1:4mhQ8q/RsB7i+udVvVy5NUi08OU8ZlA0gRVgrF7VFY0=
google.golang.org/appengine v0.0.0-20170814190942-d9a072cfa7b9/go.mod h1:EbEs0AVv82hx2wNQdGPgUI5lhzA/G0D9YwlJXL52JkM=
gopkg.in/ini.v1 v1.41.0 h1:Ka3ViY6gNYSKiVy71zXBEqKplnV35ImDLVG+8uoIklE=
gopkg.in/ini.v1 v1.41.0/go.mod h1:pNLf8WUiyNEtQjuu5G5vTm06TEv9tsIgeAvK8hOrP4k=
gopkg.in/ns1/ns1-go.v2 v2.0.0-20170502175150-c563826f4cbe h1:fuu3vZ8C6O8mk8Ich8YfkDv/Zpnx1HUotQk8JocBcSw=
gopkg.in/ns1/ns1-go.v2 v2.0.0-20170502175150-c563826f4cbe/go.mod h1:VV+3haRsgDiVLxyifmMBrBIuCWFBPYKbRssXB9z67Hw=
gopkg.in/sourcemap.v1 v1.0.2 h1:PZCr2Fvp0Z96+VGPbmbmFal8SXcL4GBpLm4K7cb8gaU=
gopkg.in/sourcemap.v1 v1.0.2/go.mod h1:2RlvNNSMglmRrcvhfuzp4hQHwOtjxlbjX7UPY/GXb78=
gopkg.in/square/go-jose.v2 v2.1.4 h1:2F80z1AzUrkIpMSw+HIa5WJBzPTFEzQiTTPLES3hbfI=
gopkg.in/square/go-jose.v2 v2.1.4/go.mod h1:M9dMgbHiYLoDGQrXy7OpJDJWiKiU//h+vD76mk0e1AI=
gopkg.in/yaml.v2 v2.0.0 h1:uUkhRGrsEyx/laRdeS6YIQKIys8pg+lRSRdVMTYjivs=
gopkg.in/yaml.v2 v2.0.0/go.mod h1:JAlM8MvJe8wmxCU4Bli9HhUf9+ttbYbLASfIpnQbh74=
